// !$*UTF8*$!
{
	archiveVersion = 1;
	classes = {
	};
	objectVersion = 50;
	objects = {

/* Begin PBXBuildFile section */
		1ECFE12324FE4F5400148252 /* AppDelegate.swift in Sources */ = {isa = PBXBuildFile; fileRef = 1ECFE12224FE4F5400148252 /* AppDelegate.swift */; };
		1ECFE12524FE4F5400148252 /* SceneDelegate.swift in Sources */ = {isa = PBXBuildFile; fileRef = 1ECFE12424FE4F5400148252 /* SceneDelegate.swift */; };
		1ECFE12724FE4F5400148252 /* ContentView.swift in Sources */ = {isa = PBXBuildFile; fileRef = 1ECFE12624FE4F5400148252 /* ContentView.swift */; };
		1ECFE12924FE4F5400148252 /* Assets.xcassets in Resources */ = {isa = PBXBuildFile; fileRef = 1ECFE12824FE4F5400148252 /* Assets.xcassets */; };
		1ECFE12C24FE4F5400148252 /* Preview Assets.xcassets in Resources */ = {isa = PBXBuildFile; fileRef = 1ECFE12B24FE4F5400148252 /* Preview Assets.xcassets */; };
		1ECFE12F24FE4F5400148252 /* LaunchScreen.storyboard in Resources */ = {isa = PBXBuildFile; fileRef = 1ECFE12D24FE4F5400148252 /* LaunchScreen.storyboard */; };
		1ECFE13724FE4F6800148252 /* Task.swift in Sources */ = {isa = PBXBuildFile; fileRef = 1ECFE13624FE4F6800148252 /* Task.swift */; };
		1ECFE13924FE4F8900148252 /* TaskStore.swift in Sources */ = {isa = PBXBuildFile; fileRef = 1ECFE13824FE4F8900148252 /* TaskStore.swift */; };
		1ECFE13E24FE591600148252 /* NewTaskView.swift in Sources */ = {isa = PBXBuildFile; fileRef = 1ECFE13D24FE591600148252 /* NewTaskView.swift */; };
		1ECFE14324FE6CB500148252 /* RowView.swift in Sources */ = {isa = PBXBuildFile; fileRef = 1ECFE14224FE6CB500148252 /* RowView.swift */; };
		1ECFE14524FE70D900148252 /* TaskEditingView.swift in Sources */ = {isa = PBXBuildFile; fileRef = 1ECFE14424FE70D900148252 /* TaskEditingView.swift */; };
		1ECFE14924FE72AF00148252 /* IndexedCollection.swift in Sources */ = {isa = PBXBuildFile; fileRef = 1ECFE14724FE72AF00148252 /* IndexedCollection.swift */; };
		1ECFE14A24FE72AF00148252 /* ForEach.swift in Sources */ = {isa = PBXBuildFile; fileRef = 1ECFE14824FE72AF00148252 /* ForEach.swift */; };
/* End PBXBuildFile section */

/* Begin PBXFileReference section */
		1ECFE11F24FE4F5400148252 /* TaskList.app */ = {isa = PBXFileReference; explicitFileType = wrapper.application; includeInIndex = 0; path = TaskList.app; sourceTree = BUILT_PRODUCTS_DIR; };
		1ECFE12224FE4F5400148252 /* AppDelegate.swift */ = {isa = PBXFileReference; lastKnownFileType = sourcecode.swift; path = AppDelegate.swift; sourceTree = "<group>"; };
		1ECFE12424FE4F5400148252 /* SceneDelegate.swift */ = {isa = PBXFileReference; lastKnownFileType = sourcecode.swift; path = SceneDelegate.swift; sourceTree = "<group>"; };
		1ECFE12624FE4F5400148252 /* ContentView.swift */ = {isa = PBXFileReference; lastKnownFileType = sourcecode.swift; path = ContentView.swift; sourceTree = "<group>"; };
		1ECFE12824FE4F5400148252 /* Assets.xcassets */ = {isa = PBXFileReference; lastKnownFileType = folder.assetcatalog; path = Assets.xcassets; sourceTree = "<group>"; };
		1ECFE12B24FE4F5400148252 /* Preview Assets.xcassets */ = {isa = PBXFileReference; lastKnownFileType = folder.assetcatalog; path = "Preview Assets.xcassets"; sourceTree = "<group>"; };
		1ECFE12E24FE4F5400148252 /* Base */ = {isa = PBXFileReference; lastKnownFileType = file.storyboard; name = Base; path = Base.lproj/LaunchScreen.storyboard; sourceTree = "<group>"; };
		1ECFE13024FE4F5400148252 /* Info.plist */ = {isa = PBXFileReference; lastKnownFileType = text.plist.xml; path = Info.plist; sourceTree = "<group>"; };
		1ECFE13624FE4F6800148252 /* Task.swift */ = {isa = PBXFileReference; lastKnownFileType = sourcecode.swift; path = Task.swift; sourceTree = "<group>"; };
		1ECFE13824FE4F8900148252 /* TaskStore.swift */ = {isa = PBXFileReference; lastKnownFileType = sourcecode.swift; path = TaskStore.swift; sourceTree = "<group>"; };
		1ECFE13D24FE591600148252 /* NewTaskView.swift */ = {isa = PBXFileReference; lastKnownFileType = sourcecode.swift; path = NewTaskView.swift; sourceTree = "<group>"; };
		1ECFE14224FE6CB500148252 /* RowView.swift */ = {isa = PBXFileReference; lastKnownFileType = sourcecode.swift; path = RowView.swift; sourceTree = "<group>"; };
		1ECFE14424FE70D900148252 /* TaskEditingView.swift */ = {isa = PBXFileReference; lastKnownFileType = sourcecode.swift; path = TaskEditingView.swift; sourceTree = "<group>"; };
		1ECFE14724FE72AF00148252 /* IndexedCollection.swift */ = {isa = PBXFileReference; fileEncoding = 4; lastKnownFileType = sourcecode.swift; path = IndexedCollection.swift; sourceTree = "<group>"; };
		1ECFE14824FE72AF00148252 /* ForEach.swift */ = {isa = PBXFileReference; fileEncoding = 4; lastKnownFileType = sourcecode.swift; path = ForEach.swift; sourceTree = "<group>"; };
/* End PBXFileReference section */

/* Begin PBXFrameworksBuildPhase section */
		1ECFE11C24FE4F5400148252 /* Frameworks */ = {
			isa = PBXFrameworksBuildPhase;
			buildActionMask = 2147483647;
			files = (
			);
			runOnlyForDeploymentPostprocessing = 0;
		};
/* End PBXFrameworksBuildPhase section */

/* Begin PBXGroup section */
		1ECFE11624FE4F5300148252 = {
			isa = PBXGroup;
			children = (
				1ECFE14624FE72AF00148252 /* extension */,
				1ECFE12124FE4F5400148252 /* TaskList */,
				1ECFE12024FE4F5400148252 /* Products */,
			);
			sourceTree = "<group>";
		};
		1ECFE12024FE4F5400148252 /* Products */ = {
			isa = PBXGroup;
			children = (
				1ECFE11F24FE4F5400148252 /* TaskList.app */,
			);
			name = Products;
			sourceTree = "<group>";
		};
		1ECFE12124FE4F5400148252 /* TaskList */ = {
			isa = PBXGroup;
			children = (
				1ECFE12224FE4F5400148252 /* AppDelegate.swift */,
				1ECFE12424FE4F5400148252 /* SceneDelegate.swift */,
				1ECFE13F24FE59C600148252 /* Views */,
				1ECFE12824FE4F5400148252 /* Assets.xcassets */,
				1ECFE12D24FE4F5400148252 /* LaunchScreen.storyboard */,
				1ECFE13024FE4F5400148252 /* Info.plist */,
				1ECFE12A24FE4F5400148252 /* Preview Content */,
				1ECFE13A24FE4F9500148252 /* Models */,
			);
			path = TaskList;
			sourceTree = "<group>";
		};
		1ECFE12A24FE4F5400148252 /* Preview Content */ = {
			isa = PBXGroup;
			children = (
				1ECFE12B24FE4F5400148252 /* Preview Assets.xcassets */,
			);
			path = "Preview Content";
			sourceTree = "<group>";
		};
		1ECFE13A24FE4F9500148252 /* Models */ = {
			isa = PBXGroup;
			children = (
				1ECFE13624FE4F6800148252 /* Task.swift */,
				1ECFE13824FE4F8900148252 /* TaskStore.swift */,
			);
			path = Models;
			sourceTree = "<group>";
		};
		1ECFE13F24FE59C600148252 /* Views */ = {
			isa = PBXGroup;
			children = (
				1ECFE14224FE6CB500148252 /* RowView.swift */,
				1ECFE12624FE4F5400148252 /* ContentView.swift */,
				1ECFE13D24FE591600148252 /* NewTaskView.swift */,
				1ECFE14424FE70D900148252 /* TaskEditingView.swift */,
			);
			path = Views;
			sourceTree = "<group>";
		};
		1ECFE14624FE72AF00148252 /* extension */ = {
			isa = PBXGroup;
			children = (
				1ECFE14724FE72AF00148252 /* IndexedCollection.swift */,
				1ECFE14824FE72AF00148252 /* ForEach.swift */,
			);
			path = extension;
			sourceTree = "<group>";
		};
/* End PBXGroup section */

/* Begin PBXNativeTarget section */
		1ECFE11E24FE4F5400148252 /* TaskList */ = {
			isa = PBXNativeTarget;
			buildConfigurationList = 1ECFE13324FE4F5400148252 /* Build configuration list for PBXNativeTarget "TaskList" */;
			buildPhases = (
				1ECFE11B24FE4F5400148252 /* Sources */,
				1ECFE11C24FE4F5400148252 /* Frameworks */,
				1ECFE11D24FE4F5400148252 /* Resources */,
			);
			buildRules = (
			);
			dependencies = (
			);
			name = TaskList;
			productName = TaskList;
			productReference = 1ECFE11F24FE4F5400148252 /* TaskList.app */;
			productType = "com.apple.product-type.application";
		};
/* End PBXNativeTarget section */

/* Begin PBXProject section */
		1ECFE11724FE4F5300148252 /* Project object */ = {
			isa = PBXProject;
			attributes = {
				LastSwiftUpdateCheck = 1160;
				LastUpgradeCheck = 1160;
				ORGANIZATIONNAME = Nitin;
				TargetAttributes = {
					1ECFE11E24FE4F5400148252 = {
						CreatedOnToolsVersion = 11.6;
					};
				};
			};
			buildConfigurationList = 1ECFE11A24FE4F5300148252 /* Build configuration list for PBXProject "TaskList" */;
			compatibilityVersion = "Xcode 9.3";
			developmentRegion = en;
			hasScannedForEncodings = 0;
			knownRegions = (
				en,
				Base,
			);
			mainGroup = 1ECFE11624FE4F5300148252;
			productRefGroup = 1ECFE12024FE4F5400148252 /* Products */;
			projectDirPath = "";
			projectRoot = "";
			targets = (
				1ECFE11E24FE4F5400148252 /* TaskList */,
			);
		};
/* End PBXProject section */

/* Begin PBXResourcesBuildPhase section */
		1ECFE11D24FE4F5400148252 /* Resources */ = {
			isa = PBXResourcesBuildPhase;
			buildActionMask = 2147483647;
			files = (
				1ECFE12F24FE4F5400148252 /* LaunchScreen.storyboard in Resources */,
				1ECFE12C24FE4F5400148252 /* Preview Assets.xcassets in Resources */,
				1ECFE12924FE4F5400148252 /* Assets.xcassets in Resources */,
			);
			runOnlyForDeploymentPostprocessing = 0;
		};
/* End PBXResourcesBuildPhase section */

/* Begin PBXSourcesBuildPhase section */
		1ECFE11B24FE4F5400148252 /* Sources */ = {
			isa = PBXSourcesBuildPhase;
			buildActionMask = 2147483647;
			files = (
				1ECFE13924FE4F8900148252 /* TaskStore.swift in Sources */,
				1ECFE13724FE4F6800148252 /* Task.swift in Sources */,
				1ECFE14924FE72AF00148252 /* IndexedCollection.swift in Sources */,
				1ECFE14524FE70D900148252 /* TaskEditingView.swift in Sources */,
				1ECFE14324FE6CB500148252 /* RowView.swift in Sources */,
				1ECFE13E24FE591600148252 /* NewTaskView.swift in Sources */,
				1ECFE12324FE4F5400148252 /* AppDelegate.swift in Sources */,
				1ECFE12524FE4F5400148252 /* SceneDelegate.swift in Sources */,
				1ECFE14A24FE72AF00148252 /* ForEach.swift in Sources */,
				1ECFE12724FE4F5400148252 /* ContentView.swift in Sources */,
			);
			runOnlyForDeploymentPostprocessing = 0;
		};
/* End PBXSourcesBuildPhase section */

/* Begin PBXVariantGroup section */
		1ECFE12D24FE4F5400148252 /* LaunchScreen.storyboard */ = {
			isa = PBXVariantGroup;
			children = (
				1ECFE12E24FE4F5400148252 /* Base */,
			);
			name = LaunchScreen.storyboard;
			sourceTree = "<group>";
		};
/* End PBXVariantGroup section */

/* Begin XCBuildConfiguration section */
		1ECFE13124FE4F5400148252 /* Debug */ = {
			isa = XCBuildConfiguration;
			buildSettings = {
				ALWAYS_SEARCH_USER_PATHS = NO;
				CLANG_ANALYZER_NONNULL = YES;
				CLANG_ANALYZER_NUMBER_OBJECT_CONVERSION = YES_AGGRESSIVE;
				CLANG_CXX_LANGUAGE_STANDARD = "gnu++14";
				CLANG_CXX_LIBRARY = "libc++";
				CLANG_ENABLE_MODULES = YES;
				CLANG_ENABLE_OBJC_ARC = YES;
				CLANG_ENABLE_OBJC_WEAK = YES;
				CLANG_WARN_BLOCK_CAPTURE_AUTORELEASING = YES;
				CLANG_WARN_BOOL_CONVERSION = YES;
				CLANG_WARN_COMMA = YES;
				CLANG_WARN_CONSTANT_CONVERSION = YES;
				CLANG_WARN_DEPRECATED_OBJC_IMPLEMENTATIONS = YES;
				CLANG_WARN_DIRECT_OBJC_ISA_USAGE = YES_ERROR;
				CLANG_WARN_DOCUMENTATION_COMMENTS = YES;
				CLANG_WARN_EMPTY_BODY = YES;
				CLANG_WARN_ENUM_CONVERSION = YES;
				CLANG_WARN_INFINITE_RECURSION = YES;
				CLANG_WARN_INT_CONVERSION = YES;
				CLANG_WARN_NON_LITERAL_NULL_CONVERSION = YES;
				CLANG_WARN_OBJC_IMPLICIT_RETAIN_SELF = YES;
				CLANG_WARN_OBJC_LITERAL_CONVERSION = YES;
				CLANG_WARN_OBJC_ROOT_CLASS = YES_ERROR;
				CLANG_WARN_RANGE_LOOP_ANALYSIS = YES;
				CLANG_WARN_STRICT_PROTOTYPES = YES;
				CLANG_WARN_SUSPICIOUS_MOVE = YES;
				CLANG_WARN_UNGUARDED_AVAILABILITY = YES_AGGRESSIVE;
				CLANG_WARN_UNREACHABLE_CODE = YES;
				CLANG_WARN__DUPLICATE_METHOD_MATCH = YES;
				COPY_PHASE_STRIP = NO;
				DEBUG_INFORMATION_FORMAT = dwarf;
				ENABLE_STRICT_OBJC_MSGSEND = YES;
				ENABLE_TESTABILITY = YES;
				GCC_C_LANGUAGE_STANDARD = gnu11;
				GCC_DYNAMIC_NO_PIC = NO;
				GCC_NO_COMMON_BLOCKS = YES;
				GCC_OPTIMIZATION_LEVEL = 0;
				GCC_PREPROCESSOR_DEFINITIONS = (
					"DEBUG=1",
					"$(inherited)",
				);
				GCC_WARN_64_TO_32_BIT_CONVERSION = YES;
				GCC_WARN_ABOUT_RETURN_TYPE = YES_ERROR;
				GCC_WARN_UNDECLARED_SELECTOR = YES;
				GCC_WARN_UNINITIALIZED_AUTOS = YES_AGGRESSIVE;
				GCC_WARN_UNUSED_FUNCTION = YES;
				GCC_WARN_UNUSED_VARIABLE = YES;
				IPHONEOS_DEPLOYMENT_TARGET = 13.6;
				MTL_ENABLE_DEBUG_INFO = INCLUDE_SOURCE;
				MTL_FAST_MATH = YES;
				ONLY_ACTIVE_ARCH = YES;
				SDKROOT = iphoneos;
				SWIFT_ACTIVE_COMPILATION_CONDITIONS = DEBUG;
				SWIFT_OPTIMIZATION_LEVEL = "-Onone";
			};
			name = Debug;
		};
		1ECFE13224FE4F5400148252 /* Release */ = {
			isa = XCBuildConfiguration;
			buildSettings = {
				ALWAYS_SEARCH_USER_PATHS = NO;
				CLANG_ANALYZER_NONNULL = YES;
				CLANG_ANALYZER_NUMBER_OBJECT_CONVERSION = YES_AGGRESSIVE;
				CLANG_CXX_LANGUAGE_STANDARD = "gnu++14";
				CLANG_CXX_LIBRARY = "libc++";
				CLANG_ENABLE_MODULES = YES;
				CLANG_ENABLE_OBJC_ARC = YES;
				CLANG_ENABLE_OBJC_WEAK = YES;
				CLANG_WARN_BLOCK_CAPTURE_AUTORELEASING = YES;
				CLANG_WARN_BOOL_CONVERSION = YES;
				CLANG_WARN_COMMA = YES;
				CLANG_WARN_CONSTANT_CONVERSION = YES;
				CLANG_WARN_DEPRECATED_OBJC_IMPLEMENTATIONS = YES;
				CLANG_WARN_DIRECT_OBJC_ISA_USAGE = YES_ERROR;
				CLANG_WARN_DOCUMENTATION_COMMENTS = YES;
				CLANG_WARN_EMPTY_BODY = YES;
				CLANG_WARN_ENUM_CONVERSION = YES;
				CLANG_WARN_INFINITE_RECURSION = YES;
				CLANG_WARN_INT_CONVERSION = YES;
				CLANG_WARN_NON_LITERAL_NULL_CONVERSION = YES;
				CLANG_WARN_OBJC_IMPLICIT_RETAIN_SELF = YES;
				CLANG_WARN_OBJC_LITERAL_CONVERSION = YES;
				CLANG_WARN_OBJC_ROOT_CLASS = YES_ERROR;
				CLANG_WARN_RANGE_LOOP_ANALYSIS = YES;
				CLANG_WARN_STRICT_PROTOTYPES = YES;
				CLANG_WARN_SUSPICIOUS_MOVE = YES;
				CLANG_WARN_UNGUARDED_AVAILABILITY = YES_AGGRESSIVE;
				CLANG_WARN_UNREACHABLE_CODE = YES;
				CLANG_WARN__DUPLICATE_METHOD_MATCH = YES;
				COPY_PHASE_STRIP = NO;
				DEBUG_INFORMATION_FORMAT = "dwarf-with-dsym";
				ENABLE_NS_ASSERTIONS = NO;
				ENABLE_STRICT_OBJC_MSGSEND = YES;
				GCC_C_LANGUAGE_STANDARD = gnu11;
				GCC_NO_COMMON_BLOCKS = YES;
				GCC_WARN_64_TO_32_BIT_CONVERSION = YES;
				GCC_WARN_ABOUT_RETURN_TYPE = YES_ERROR;
				GCC_WARN_UNDECLARED_SELECTOR = YES;
				GCC_WARN_UNINITIALIZED_AUTOS = YES_AGGRESSIVE;
				GCC_WARN_UNUSED_FUNCTION = YES;
				GCC_WARN_UNUSED_VARIABLE = YES;
				IPHONEOS_DEPLOYMENT_TARGET = 13.6;
				MTL_ENABLE_DEBUG_INFO = NO;
				MTL_FAST_MATH = YES;
				SDKROOT = iphoneos;
				SWIFT_COMPILATION_MODE = wholemodule;
				SWIFT_OPTIMIZATION_LEVEL = "-O";
				VALIDATE_PRODUCT = YES;
			};
			name = Release;
		};
		1ECFE13424FE4F5400148252 /* Debug */ = {
			isa = XCBuildConfiguration;
			buildSettings = {
				ASSETCATALOG_COMPILER_APPICON_NAME = AppIcon;
				CODE_SIGN_STYLE = Automatic;
				DEVELOPMENT_ASSET_PATHS = "\"TaskList/Preview Content\"";
				DEVELOPMENT_TEAM = 85VXSULXGL;
				ENABLE_PREVIEWS = YES;
				INFOPLIST_FILE = TaskList/Info.plist;
				LD_RUNPATH_SEARCH_PATHS = (
					"$(inherited)",
					"@executable_path/Frameworks",
				);
				PRODUCT_BUNDLE_IDENTIFIER = com.BullsEye.TaskList;
				PRODUCT_NAME = "$(TARGET_NAME)";
				SWIFT_VERSION = 5.0;
				TARGETED_DEVICE_FAMILY = "1,2";
			};
			name = Debug;
		};
		1ECFE13524FE4F5400148252 /* Release */ = {
			isa = XCBuildConfiguration;
			buildSettings = {
				ASSETCATALOG_COMPILER_APPICON_NAME = AppIcon;
				CODE_SIGN_STYLE = Automatic;
				DEVELOPMENT_ASSET_PATHS = "\"TaskList/Preview Content\"";
				DEVELOPMENT_TEAM = 85VXSULXGL;
				ENABLE_PREVIEWS = YES;
				INFOPLIST_FILE = TaskList/Info.plist;
				LD_RUNPATH_SEARCH_PATHS = (
					"$(inherited)",
					"@executable_path/Frameworks",
				);
				PRODUCT_BUNDLE_IDENTIFIER = com.BullsEye.TaskList;
				PRODUCT_NAME = "$(TARGET_NAME)";
				SWIFT_VERSION = 5.0;
				TARGETED_DEVICE_FAMILY = "1,2";
			};
			name = Release;
		};
/* End XCBuildConfiguration section */

/* Begin XCConfigurationList section */
		1ECFE11A24FE4F5300148252 /* Build configuration list for PBXProject "TaskList" */ = {
			isa = XCConfigurationList;
			buildConfigurations = (
				1ECFE13124FE4F5400148252 /* Debug */,
				1ECFE13224FE4F5400148252 /* Release */,
			);
			defaultConfigurationIsVisible = 0;
			defaultConfigurationName = Release;
		};
		1ECFE13324FE4F5400148252 /* Build configuration list for PBXNativeTarget "TaskList" */ = {
			isa = XCConfigurationList;
			buildConfigurations = (
				1ECFE13424FE4F5400148252 /* Debug */,
				1ECFE13524FE4F5400148252 /* Release */,
			);
			defaultConfigurationIsVisible = 0;
			defaultConfigurationName = Release;
		};
/* End XCConfigurationList section */
	};
	rootObject = 1ECFE11724FE4F5300148252 /* Project object */;
}
